
Microsoft Visual Studio Solution File, Format Version 12.00
# Visual Studio Version 16
VisualStudioVersion = 16.0.29424.173
MinimumVisualStudioVersion = 10.0.40219.1
Project("{FAE04EC0-301F-11D3-BF4B-00C04F79EFBC}") = "DbServer", "DbServer.csproj", "{FA2705B7-D3D5-4AC2-82AC-D89A8DA006A9}"
EndProject
Project("{FAE04EC0-301F-11D3-BF4B-00C04F79EFBC}") = "DataLibrary", "..\DataLibrary\DataLibrary.csproj", "{B77667CA-DAD5-431D-945A-773DD187E268}"
EndProject
Global
	GlobalSection(SolutionConfigurationPlatforms) = preSolution
		Debug|Any CPU = Debug|Any CPU
		Release|Any CPU = Release|Any CPU
	EndGlobalSection
	GlobalSection(ProjectConfigurationPlatforms) = postSolution
		{FA2705B7-D3D5-4AC2-82AC-D89A8DA006A9}.Debug|Any CPU.ActiveCfg = Debug|Any CPU
		{FA2705B7-D3D5-4AC2-82AC-D89A8DA006A9}.Debug|Any CPU.Build.0 = Debug|Any CPU
		{FA2705B7-D3D5-4AC2-82AC-D89A8DA006A9}.Release|Any CPU.ActiveCfg = Release|Any CPU
		{FA2705B7-D3D5-4AC2-82AC-D89A8DA006A9}.Release|Any CPU.Build.0 = Release|Any CPU
		{B77667CA-DAD5-431D-945A-773DD187E268}.Debug|Any CPU.ActiveCfg = Debug|Any CPU
		{B77667CA-DAD5-431D-945A-773DD187E268}.Debug|Any CPU.Build.0 = Debug|Any CPU
		{B77667CA-DAD5-431D-945A-773DD187E268}.Release|Any CPU.ActiveCfg = Release|Any CPU
		{B77667CA-DAD5-431D-945A-773DD187E268}.Release|Any CPU.Build.0 = Release|Any CPU
	EndGlobalSection
	GlobalSection(SolutionProperties) = preSolution
		HideSolutionNode = FALSE
	EndGlobalSection
	GlobalSection(ExtensibilityGlobals) = postSolution
		SolutionGuid = {BE94724A-18F6-42D7-B5A8-705C0754F0D5}
	EndGlobalSection
EndGlobal
